
Microsoft Visual Studio Solution File, Format Version 12.00
# Visual Studio 15
Project("{FAE04EC0-301F-11D3-BF4B-00C04F79EFBC}") = "BestowerFoundationAPI", "BestowerFoundationAPI\BestowerFoundationAPI.csproj", "{98835CA4-DB40-4AEC-B6D6-441A9321157F}"
EndProject
Global
	GlobalSection(SolutionConfigurationPlatforms) = preSolution
		Debug|Any CPU = Debug|Any CPU
		Release|Any CPU = Release|Any CPU
	EndGlobalSection
	GlobalSection(ProjectConfigurationPlatforms) = postSolution
		{98835CA4-DB40-4AEC-B6D6-441A9321157F}.Debug|Any CPU.ActiveCfg = Debug|Any CPU
		{98835CA4-DB40-4AEC-B6D6-441A9321157F}.Debug|Any CPU.Build.0 = Debug|Any CPU
		{98835CA4-DB40-4AEC-B6D6-441A9321157F}.Release|Any CPU.ActiveCfg = Release|Any CPU
		{98835CA4-DB40-4AEC-B6D6-441A9321157F}.Release|Any CPU.Build.0 = Release|Any CPU
	EndGlobalSection
EndGlobal
